
Microsoft Visual Studio Solution File, Format Version 12.00
# Visual Studio 15
VisualStudioVersion = 15.0.26430.13
MinimumVisualStudioVersion = 10.0.40219.1
Project("{2150E333-8FDC-42A3-9474-1A3956D46DE8}") = "Faction mod", "Faction mod", "{CA04589C-358D-44C7-BE5C-258BCCD7F12F}"
	ProjectSection(SolutionItems) = preProject
		Factionpack.xml = Factionpack.xml
	EndProjectSection
EndProject
Project("{2150E333-8FDC-42A3-9474-1A3956D46DE8}") = "Simulation", "Simulation", "{2CDDC112-89CA-463E-9599-378361C77573}"
	ProjectSection(SolutionItems) = preProject
		Simulation\Factions[Major].xml = Simulation\Factions[Major].xml
		Simulation\FactionTraits[Affinity].xml = Simulation\FactionTraits[Affinity].xml
		Simulation\FactionTraits[AffinityMapping].xml = Simulation\FactionTraits[AffinityMapping].xml
		Simulation\PopulationCollectionBonusTraits.xml = Simulation\PopulationCollectionBonusTraits.xml
		Simulation\PopulationDefinitions.xml = Simulation\PopulationDefinitions.xml
		Simulation\PopulationModifiersTraits.xml = Simulation\PopulationModifiersTraits.xml
		Simulation\SimulationDescriptors[FactionAffinity].xml = Simulation\SimulationDescriptors[FactionAffinity].xml
		Simulation\SimulationDescriptors[FactionAffinityMapping].xml = Simulation\SimulationDescriptors[FactionAffinityMapping].xml
		Simulation\SimulationDescriptors[Population].xml = Simulation\SimulationDescriptors[Population].xml
		Simulation\SimulationDescriptors[PopulationCollectionBonus].xml = Simulation\SimulationDescriptors[PopulationCollectionBonus].xml
		Simulation\SimulationDescriptors[UniquePlanet].xml = Simulation\SimulationDescriptors[UniquePlanet].xml
	EndProjectSection
EndProject
Project("{2150E333-8FDC-42A3-9474-1A3956D46DE8}") = "Gui", "Gui", "{9F846558-B891-4B49-B8DC-E70903803008}"
	ProjectSection(SolutionItems) = preProject
		Gui\GuiElements[Affinities].xml = Gui\GuiElements[Affinities].xml
		Gui\GuiElements[EmpireImprovements].xml = Gui\GuiElements[EmpireImprovements].xml
		Gui\GuiElements[Factions].xml = Gui\GuiElements[Factions].xml
		Gui\GuiElements[GameVariables].xml = Gui\GuiElements[GameVariables].xml
		Gui\GuiElements[Hulls].xml = Gui\GuiElements[Hulls].xml
		Gui\GuiElements[PsychoTraits].xml = Gui\GuiElements[PsychoTraits].xml
		Gui\GuiElements[ShipDesigns].xml = Gui\GuiElements[ShipDesigns].xml
	EndProjectSection
EndProject
Project("{2150E333-8FDC-42A3-9474-1A3956D46DE8}") = "GalaxyGenerator", "GalaxyGenerator", "{4C21ECB5-170B-4282-B13F-C97CA1D99E05}"
	ProjectSection(SolutionItems) = preProject
		GalaxyGenerator\WeightTableDefinitions.xml = GalaxyGenerator\WeightTableDefinitions.xml
	EndProjectSection
EndProject
Project("{2150E333-8FDC-42A3-9474-1A3956D46DE8}") = "Battles", "Battles", "{81886F7C-CE3B-4B05-A9E9-340BD9361418}"
	ProjectSection(SolutionItems) = preProject
		Simulation\Battles\HullDefinitions[UnitedHissho].xml = Simulation\Battles\HullDefinitions[UnitedHissho].xml
		Simulation\Battles\ShipDesignDefinitions[UnitedHissho].xml = Simulation\Battles\ShipDesignDefinitions[UnitedHissho].xml
		Simulation\Battles\ShipDesignTemplateDefinitions.xml = Simulation\Battles\ShipDesignTemplateDefinitions.xml
	EndProjectSection
EndProject
Global
	GlobalSection(SolutionProperties) = preSolution
		HideSolutionNode = FALSE
	EndGlobalSection
	GlobalSection(NestedProjects) = preSolution
		{2CDDC112-89CA-463E-9599-378361C77573} = {CA04589C-358D-44C7-BE5C-258BCCD7F12F}
		{9F846558-B891-4B49-B8DC-E70903803008} = {CA04589C-358D-44C7-BE5C-258BCCD7F12F}
		{4C21ECB5-170B-4282-B13F-C97CA1D99E05} = {CA04589C-358D-44C7-BE5C-258BCCD7F12F}
		{81886F7C-CE3B-4B05-A9E9-340BD9361418} = {2CDDC112-89CA-463E-9599-378361C77573}
	EndGlobalSection
EndGlobal
